
Microsoft Visual Studio Solution File, Format Version 12.00
# Visual Studio 2013
VisualStudioVersion = 12.0.21005.1
MinimumVisualStudioVersion = 10.0.40219.1
Project("{00D1A9C2-B5F0-4AF3-8072-F6C62B433612}") = "Database", "Database\Database.sqlproj", "{BCE1E1F7-F1E2-4CD8-832E-BA8050AF3F1F}"
EndProject
Project("{FAE04EC0-301F-11D3-BF4B-00C04F79EFBC}") = "DataAccess", "DataAccess\DataAccess.csproj", "{93C19B53-541B-4FFE-AB34-990A055837F0}"
EndProject
Project("{FAE04EC0-301F-11D3-BF4B-00C04F79EFBC}") = "Tests", "Tests\Tests.csproj", "{BA4D0EC2-DEB4-43BD-96CD-BB3C588A4F78}"
EndProject
Project("{2150E333-8FDC-42A3-9474-1A3956D46DE8}") = ".nuget", ".nuget", "{BB294CE1-4502-4671-A984-9CA939034EEC}"
	ProjectSection(SolutionItems) = preProject
		.nuget\NuGet.Config = .nuget\NuGet.Config
		.nuget\NuGet.targets = .nuget\NuGet.targets
	EndProjectSection
EndProject
Global
	GlobalSection(SolutionConfigurationPlatforms) = preSolution
		Debug|Any CPU = Debug|Any CPU
		Release|Any CPU = Release|Any CPU
	EndGlobalSection
	GlobalSection(ProjectConfigurationPlatforms) = postSolution
		{BCE1E1F7-F1E2-4CD8-832E-BA8050AF3F1F}.Debug|Any CPU.ActiveCfg = Debug|Any CPU
		{BCE1E1F7-F1E2-4CD8-832E-BA8050AF3F1F}.Debug|Any CPU.Build.0 = Debug|Any CPU
		{BCE1E1F7-F1E2-4CD8-832E-BA8050AF3F1F}.Debug|Any CPU.Deploy.0 = Debug|Any CPU
		{BCE1E1F7-F1E2-4CD8-832E-BA8050AF3F1F}.Release|Any CPU.ActiveCfg = Release|Any CPU
		{BCE1E1F7-F1E2-4CD8-832E-BA8050AF3F1F}.Release|Any CPU.Build.0 = Release|Any CPU
		{BCE1E1F7-F1E2-4CD8-832E-BA8050AF3F1F}.Release|Any CPU.Deploy.0 = Release|Any CPU
		{93C19B53-541B-4FFE-AB34-990A055837F0}.Debug|Any CPU.ActiveCfg = Debug|Any CPU
		{93C19B53-541B-4FFE-AB34-990A055837F0}.Debug|Any CPU.Build.0 = Debug|Any CPU
		{93C19B53-541B-4FFE-AB34-990A055837F0}.Release|Any CPU.ActiveCfg = Release|Any CPU
		{93C19B53-541B-4FFE-AB34-990A055837F0}.Release|Any CPU.Build.0 = Release|Any CPU
		{BA4D0EC2-DEB4-43BD-96CD-BB3C588A4F78}.Debug|Any CPU.ActiveCfg = Debug|Any CPU
		{BA4D0EC2-DEB4-43BD-96CD-BB3C588A4F78}.Debug|Any CPU.Build.0 = Debug|Any CPU
		{BA4D0EC2-DEB4-43BD-96CD-BB3C588A4F78}.Release|Any CPU.ActiveCfg = Release|Any CPU
		{BA4D0EC2-DEB4-43BD-96CD-BB3C588A4F78}.Release|Any CPU.Build.0 = Release|Any CPU
	EndGlobalSection
	GlobalSection(SolutionProperties) = preSolution
		HideSolutionNode = FALSE
	EndGlobalSection
EndGlobal
